
Microsoft Visual Studio Solution File, Format Version 12.00
# Visual Studio 14
VisualStudioVersion = 14.0.25123.0
MinimumVisualStudioVersion = 10.0.40219.1
Project("{2150E333-8FDC-42A3-9474-1A3956D46DE8}") = "src", "src", "{DF2AAD25-996A-4077-A105-A5DF9E71FF4F}"
	ProjectSection(SolutionItems) = preProject
		src\FCWeb\wwwroot\lib\fc\home\index.html = src\FCWeb\wwwroot\lib\fc\home\index.html
	EndProjectSection
EndProject
Project("{2150E333-8FDC-42A3-9474-1A3956D46DE8}") = "Solution Items", "Solution Items", "{8E1170E1-61C1-46A3-8D16-F9EB67327D47}"
	ProjectSection(SolutionItems) = preProject
		global.json = global.json
	EndProjectSection
EndProject
Project("{8BB2217D-0F2D-49D1-97BC-3654ED321F3B}") = "FCWeb", "src\FCWeb\FCWeb.xproj", "{23B62D20-492A-46B6-9A58-0FD287E727AD}"
EndProject
Project("{8BB2217D-0F2D-49D1-97BC-3654ED321F3B}") = "FCBLL", "src\FCBLL\FCBLL.xproj", "{8155B964-5EB7-472D-A67F-211CCC3252BB}"
EndProject
Project("{8BB2217D-0F2D-49D1-97BC-3654ED321F3B}") = "FCDAL", "src\FCDAL\FCDAL.xproj", "{3AEC98E3-0D37-4DD9-8967-A15C1DFD7B0D}"
EndProject
Project("{8BB2217D-0F2D-49D1-97BC-3654ED321F3B}") = "FCCore", "src\FCCore\FCCore.xproj", "{382008F6-2245-421A-AC84-DF5D1EE553F6}"
EndProject
Project("{2150E333-8FDC-42A3-9474-1A3956D46DE8}") = "Info", "Info", "{C09C10A9-1390-4DE7-BC43-C434A275BD9D}"
	ProjectSection(SolutionItems) = preProject
		SolutionItems\Info\DNU Restore.txt = SolutionItems\Info\DNU Restore.txt
		SolutionItems\Info\EntityFrameworkCommands.txt = SolutionItems\Info\EntityFrameworkCommands.txt
	EndProjectSection
EndProject
Project("{2150E333-8FDC-42A3-9474-1A3956D46DE8}") = "SQL", "SQL", "{E5DB45BB-62FF-47EB-B40B-239EA07CD164}"
	ProjectSection(SolutionItems) = preProject
		SolutionItems\SQL\ConvertArticle.sql = SolutionItems\SQL\ConvertArticle.sql
		SolutionItems\SQL\ConvertCity.sql = SolutionItems\SQL\ConvertCity.sql
		SolutionItems\SQL\ConvertContent.sql = SolutionItems\SQL\ConvertContent.sql
		SolutionItems\SQL\ConvertCountry.sql = SolutionItems\SQL\ConvertCountry.sql
		SolutionItems\SQL\ConvertEvent.sql = SolutionItems\SQL\ConvertEvent.sql
		SolutionItems\SQL\ConvertEventGroup.sql = SolutionItems\SQL\ConvertEventGroup.sql
		SolutionItems\SQL\ConvertGames.sql = SolutionItems\SQL\ConvertGames.sql
		SolutionItems\SQL\ConvertPeriod.sql = SolutionItems\SQL\ConvertPeriod.sql
		SolutionItems\SQL\ConvertPerson.sql = SolutionItems\SQL\ConvertPerson.sql
		SolutionItems\SQL\ConvertPersonRole.sql = SolutionItems\SQL\ConvertPersonRole.sql
		SolutionItems\SQL\ConvertPersonStatistics.sql = SolutionItems\SQL\ConvertPersonStatistics.sql
		SolutionItems\SQL\ConvertPersonStatus.sql = SolutionItems\SQL\ConvertPersonStatus.sql
		SolutionItems\SQL\ConvertPhoto.sql = SolutionItems\SQL\ConvertPhoto.sql
		SolutionItems\SQL\ConvertProtocolRecord.sql = SolutionItems\SQL\ConvertProtocolRecord.sql
		SolutionItems\SQL\ConvertRoleGroup.sql = SolutionItems\SQL\ConvertRoleGroup.sql
		SolutionItems\SQL\ConvertRound.sql = SolutionItems\SQL\ConvertRound.sql
		SolutionItems\SQL\ConvertStadium.sql = SolutionItems\SQL\ConvertStadium.sql
		SolutionItems\SQL\ConvertTableRecord.sql = SolutionItems\SQL\ConvertTableRecord.sql
		SolutionItems\SQL\ConvertTeam.sql = SolutionItems\SQL\ConvertTeam.sql
		SolutionItems\SQL\ConvertTourney.sql = SolutionItems\SQL\ConvertTourney.sql
		SolutionItems\SQL\ConvertVideo.sql = SolutionItems\SQL\ConvertVideo.sql
		SolutionItems\SQL\EXAMPLE_SetGameRoundToCascadeRemoving.sql = SolutionItems\SQL\EXAMPLE_SetGameRoundToCascadeRemoving.sql
		SolutionItems\SQL\EXAMPLE_SetProtocolGameToCascadeRemoving.sql = SolutionItems\SQL\EXAMPLE_SetProtocolGameToCascadeRemoving.sql
		SolutionItems\SQL\EXAMPLEDateConvert.sql = SolutionItems\SQL\EXAMPLEDateConvert.sql
	EndProjectSection
EndProject
Project("{2150E333-8FDC-42A3-9474-1A3956D46DE8}") = "Tools", "Tools", "{E41EB634-CEBF-4534-A0FF-68F43271A570}"
	ProjectSection(SolutionItems) = preProject
		SolutionItems\Tools\angular-ui-numeric-master.zip = SolutionItems\Tools\angular-ui-numeric-master.zip
		SolutionItems\Tools\ckeditor_4.5.7_standard.zip = SolutionItems\Tools\ckeditor_4.5.7_standard.zip
	EndProjectSection
EndProject
Project("{2150E333-8FDC-42A3-9474-1A3956D46DE8}") = "Design", "Design", "{BBE730D4-6AA4-4B3D-8C1F-2033350A85A3}"
	ProjectSection(SolutionItems) = preProject
		SolutionItems\Design\color_from_sugar.txt = SolutionItems\Design\color_from_sugar.txt
		SolutionItems\Design\jssor.carousel.slider.for.bootstrap.example.zip = SolutionItems\Design\jssor.carousel.slider.for.bootstrap.example.zip
		SolutionItems\Design\Главная 1.psd = SolutionItems\Design\Главная 1.psd
		SolutionItems\Design\Главная 2.psd = SolutionItems\Design\Главная 2.psd
		SolutionItems\Design\Главная планш.psd = SolutionItems\Design\Главная планш.psd
		SolutionItems\Design\Главная.psd = SolutionItems\Design\Главная.psd
		SolutionItems\Design\Меню мобилка 1.psd = SolutionItems\Design\Меню мобилка 1.psd
		SolutionItems\Design\Меню мобилка.psd = SolutionItems\Design\Меню мобилка.psd
		SolutionItems\Design\Меню планш.psd = SolutionItems\Design\Меню планш.psd
	EndProjectSection
EndProject
Project("{2150E333-8FDC-42A3-9474-1A3956D46DE8}") = "DBBackups", "DBBackups", "{DB929D29-2DC9-485D-A8AA-30ECDF1C8230}"
	ProjectSection(SolutionItems) = preProject
		SolutionItems\SQL\DBBackups\FCWebDB.bak = SolutionItems\SQL\DBBackups\FCWebDB.bak
		SolutionItems\SQL\DBBackups\FCWebDB2.bak = SolutionItems\SQL\DBBackups\FCWebDB2.bak
		SolutionItems\SQL\DBBackups\FCWebDB3.bak = SolutionItems\SQL\DBBackups\FCWebDB3.bak
		SolutionItems\SQL\DBBackups\FCWebDB4.bak = SolutionItems\SQL\DBBackups\FCWebDB4.bak
		SolutionItems\SQL\DBBackups\FCWebDB5.bak = SolutionItems\SQL\DBBackups\FCWebDB5.bak
		SolutionItems\SQL\DBBackups\FCWebDB6.bak = SolutionItems\SQL\DBBackups\FCWebDB6.bak
		SolutionItems\SQL\DBBackups\FCWebDB7.bak = SolutionItems\SQL\DBBackups\FCWebDB7.bak
	EndProjectSection
EndProject
Project("{2150E333-8FDC-42A3-9474-1A3956D46DE8}") = "Constraints", "Constraints", "{8332FD6E-D36F-43A7-B46A-CFB154E35B5B}"
	ProjectSection(SolutionItems) = preProject
		SolutionItems\SQL\Constraints\GameConstraints.sql = SolutionItems\SQL\Constraints\GameConstraints.sql
		SolutionItems\SQL\Constraints\PersonConstraints.sql = SolutionItems\SQL\Constraints\PersonConstraints.sql
	EndProjectSection
EndProject
Global
	GlobalSection(SolutionConfigurationPlatforms) = preSolution
		Debug|Any CPU = Debug|Any CPU
		Release|Any CPU = Release|Any CPU
	EndGlobalSection
	GlobalSection(ProjectConfigurationPlatforms) = postSolution
		{23B62D20-492A-46B6-9A58-0FD287E727AD}.Debug|Any CPU.ActiveCfg = Debug|Any CPU
		{23B62D20-492A-46B6-9A58-0FD287E727AD}.Debug|Any CPU.Build.0 = Debug|Any CPU
		{23B62D20-492A-46B6-9A58-0FD287E727AD}.Release|Any CPU.ActiveCfg = Release|Any CPU
		{23B62D20-492A-46B6-9A58-0FD287E727AD}.Release|Any CPU.Build.0 = Release|Any CPU
		{8155B964-5EB7-472D-A67F-211CCC3252BB}.Debug|Any CPU.ActiveCfg = Debug|Any CPU
		{8155B964-5EB7-472D-A67F-211CCC3252BB}.Debug|Any CPU.Build.0 = Debug|Any CPU
		{8155B964-5EB7-472D-A67F-211CCC3252BB}.Release|Any CPU.ActiveCfg = Release|Any CPU
		{8155B964-5EB7-472D-A67F-211CCC3252BB}.Release|Any CPU.Build.0 = Release|Any CPU
		{3AEC98E3-0D37-4DD9-8967-A15C1DFD7B0D}.Debug|Any CPU.ActiveCfg = Debug|Any CPU
		{3AEC98E3-0D37-4DD9-8967-A15C1DFD7B0D}.Debug|Any CPU.Build.0 = Debug|Any CPU
		{3AEC98E3-0D37-4DD9-8967-A15C1DFD7B0D}.Release|Any CPU.ActiveCfg = Release|Any CPU
		{3AEC98E3-0D37-4DD9-8967-A15C1DFD7B0D}.Release|Any CPU.Build.0 = Release|Any CPU
		{382008F6-2245-421A-AC84-DF5D1EE553F6}.Debug|Any CPU.ActiveCfg = Debug|Any CPU
		{382008F6-2245-421A-AC84-DF5D1EE553F6}.Debug|Any CPU.Build.0 = Debug|Any CPU
		{382008F6-2245-421A-AC84-DF5D1EE553F6}.Release|Any CPU.ActiveCfg = Release|Any CPU
		{382008F6-2245-421A-AC84-DF5D1EE553F6}.Release|Any CPU.Build.0 = Release|Any CPU
	EndGlobalSection
	GlobalSection(SolutionProperties) = preSolution
		HideSolutionNode = FALSE
	EndGlobalSection
	GlobalSection(NestedProjects) = preSolution
		{23B62D20-492A-46B6-9A58-0FD287E727AD} = {DF2AAD25-996A-4077-A105-A5DF9E71FF4F}
		{8155B964-5EB7-472D-A67F-211CCC3252BB} = {DF2AAD25-996A-4077-A105-A5DF9E71FF4F}
		{3AEC98E3-0D37-4DD9-8967-A15C1DFD7B0D} = {DF2AAD25-996A-4077-A105-A5DF9E71FF4F}
		{382008F6-2245-421A-AC84-DF5D1EE553F6} = {DF2AAD25-996A-4077-A105-A5DF9E71FF4F}
		{C09C10A9-1390-4DE7-BC43-C434A275BD9D} = {8E1170E1-61C1-46A3-8D16-F9EB67327D47}
		{E5DB45BB-62FF-47EB-B40B-239EA07CD164} = {8E1170E1-61C1-46A3-8D16-F9EB67327D47}
		{E41EB634-CEBF-4534-A0FF-68F43271A570} = {8E1170E1-61C1-46A3-8D16-F9EB67327D47}
		{BBE730D4-6AA4-4B3D-8C1F-2033350A85A3} = {8E1170E1-61C1-46A3-8D16-F9EB67327D47}
		{DB929D29-2DC9-485D-A8AA-30ECDF1C8230} = {E5DB45BB-62FF-47EB-B40B-239EA07CD164}
		{8332FD6E-D36F-43A7-B46A-CFB154E35B5B} = {E5DB45BB-62FF-47EB-B40B-239EA07CD164}
	EndGlobalSection
	GlobalSection(TeamFoundationVersionControl) = preSolution
		SccNumberOfProjects = 5
		SccEnterpriseProvider = {4CA58AB2-18FA-4F8D-95D4-32DDF27D184C}
		SccTeamFoundationServer = https://karulis.visualstudio.com/defaultcollection
		SccLocalPath0 = .
		SccProjectUniqueName1 = src\\FCWeb\\FCWeb.xproj
		SccProjectTopLevelParentUniqueName1 = FCWebSite.sln
		SccProjectName1 = src/FCWeb
		SccLocalPath1 = src\\FCWeb
		SccProjectUniqueName2 = src\\FCBLL\\FCBLL.xproj
		SccProjectTopLevelParentUniqueName2 = FCWebSite.sln
		SccProjectName2 = src/FCBLL
		SccLocalPath2 = src\\FCBLL
		SccProjectUniqueName3 = src\\FCDAL\\FCDAL.xproj
		SccProjectTopLevelParentUniqueName3 = FCWebSite.sln
		SccProjectName3 = src/FCDAL
		SccLocalPath3 = src\\FCDAL
		SccProjectUniqueName4 = src\\FCCore\\FCCore.xproj
		SccProjectTopLevelParentUniqueName4 = FCWebSite.sln
		SccProjectName4 = src/FCCore
		SccLocalPath4 = src\\FCCore
	EndGlobalSection
EndGlobal
